
Microsoft Visual Studio Solution File, Format Version 12.00
# Visual Studio 15
VisualStudioVersion = 15.0.27004.2002
MinimumVisualStudioVersion = 10.0.40219.1
Project("{FAE04EC0-301F-11D3-BF4B-00C04F79EFBC}") = "TopSpin2", "TopSpin2.0\TopSpin2.csproj", "{47AF3B4F-698B-4E5F-9FE2-8F34658572D1}"
EndProject
Global
	GlobalSection(SolutionConfigurationPlatforms) = preSolution
		Debug|Any CPU = Debug|Any CPU
		Release|Any CPU = Release|Any CPU
	EndGlobalSection
	GlobalSection(ProjectConfigurationPlatforms) = postSolution
		{47AF3B4F-698B-4E5F-9FE2-8F34658572D1}.Debug|Any CPU.ActiveCfg = Debug|Any CPU
		{47AF3B4F-698B-4E5F-9FE2-8F34658572D1}.Debug|Any CPU.Build.0 = Debug|Any CPU
		{47AF3B4F-698B-4E5F-9FE2-8F34658572D1}.Release|Any CPU.ActiveCfg = Release|Any CPU
		{47AF3B4F-698B-4E5F-9FE2-8F34658572D1}.Release|Any CPU.Build.0 = Release|Any CPU
	EndGlobalSection
	GlobalSection(SolutionProperties) = preSolution
		HideSolutionNode = FALSE
	EndGlobalSection
	GlobalSection(ExtensibilityGlobals) = postSolution
		SolutionGuid = {8F0E28EE-E00D-47EE-86FB-DDA9FCB44220}
	EndGlobalSection
EndGlobal
